
Microsoft Visual Studio Solution File, Format Version 12.00
# Visual Studio Version 17
VisualStudioVersion = 17.0.32014.148
MinimumVisualStudioVersion = 10.0.40219.1
Project("{FAE04EC0-301F-11D3-BF4B-00C04F79EFBC}") = "mostatil", "mostatil\mostatil.csproj", "{DA4C6065-E7C9-4D9C-BEC7-4BFF5BAB6C94}"
EndProject
Global
	GlobalSection(SolutionConfigurationPlatforms) = preSolution
		Debug|Any CPU = Debug|Any CPU
		Release|Any CPU = Release|Any CPU
	EndGlobalSection
	GlobalSection(ProjectConfigurationPlatforms) = postSolution
		{DA4C6065-E7C9-4D9C-BEC7-4BFF5BAB6C94}.Debug|Any CPU.ActiveCfg = Debug|Any CPU
		{DA4C6065-E7C9-4D9C-BEC7-4BFF5BAB6C94}.Debug|Any CPU.Build.0 = Debug|Any CPU
		{DA4C6065-E7C9-4D9C-BEC7-4BFF5BAB6C94}.Release|Any CPU.ActiveCfg = Release|Any CPU
		{DA4C6065-E7C9-4D9C-BEC7-4BFF5BAB6C94}.Release|Any CPU.Build.0 = Release|Any CPU
	EndGlobalSection
	GlobalSection(SolutionProperties) = preSolution
		HideSolutionNode = FALSE
	EndGlobalSection
	GlobalSection(ExtensibilityGlobals) = postSolution
		SolutionGuid = {839DC533-1A14-4635-A3A0-363FEA8EB7F8}
	EndGlobalSection
EndGlobal
